
Microsoft Visual Studio Solution File, Format Version 12.00
# Visual Studio 14
VisualStudioVersion = 14.0.25420.1
MinimumVisualStudioVersion = 10.0.40219.1
Project("{8BC9CEB8-8B4A-11D0-8D11-00A0C91BC942}") = "0.0 OpenCV Practices", "OpenCV Practices\OpenCV Practices.vcxproj", "{D95F93BC-99E4-4A49-A109-296361F37805}"
EndProject
Project("{8BC9CEB8-8B4A-11D0-8D11-00A0C91BC942}") = "图像拼接01", "图像拼接01\图像拼接01.vcxproj", "{C8C4D9E6-6258-45CC-A21B-2FD9E214C3A5}"
EndProject
Project("{8BC9CEB8-8B4A-11D0-8D11-00A0C91BC942}") = "人脸识别", "人脸识别\人脸识别.vcxproj", "{7A78C9D7-CCF4-4EFD-8759-C545F2A381B7}"
EndProject
Project("{8BC9CEB8-8B4A-11D0-8D11-00A0C91BC942}") = "图像拼接02", "图像拼接02\图像拼接02.vcxproj", "{BF690CBD-8FA3-459F-BBC1-562E5A878255}"
EndProject
Project("{8BC9CEB8-8B4A-11D0-8D11-00A0C91BC942}") = "图像匹配01", "图像匹配01\图像匹配01.vcxproj", "{96A504E0-7B75-478B-A300-39E22D80B8E2}"
EndProject
Project("{8BC9CEB8-8B4A-11D0-8D11-00A0C91BC942}") = "XML读写", "XML读写\XML读写.vcxproj", "{573F0D2A-3623-4F4F-8FE9-277825BF7059}"
EndProject
Project("{8BC9CEB8-8B4A-11D0-8D11-00A0C91BC942}") = "相机标定", "相机标定\相机标定.vcxproj", "{B3C70908-C63A-41A1-ADB2-299EEC49015A}"
EndProject
Project("{8BC9CEB8-8B4A-11D0-8D11-00A0C91BC942}") = "图像匹配02", "图像匹配02\图像匹配02.vcxproj", "{5E174984-F71A-4A06-9A64-8122DD6A3476}"
EndProject
Project("{8BC9CEB8-8B4A-11D0-8D11-00A0C91BC942}") = "图像匹配03", "图像匹配03\图像匹配03.vcxproj", "{9C897F1A-DDBE-4160-8242-A18A8C72ECBB}"
EndProject
Project("{8BC9CEB8-8B4A-11D0-8D11-00A0C91BC942}") = "图像分类-SVM", "图像分类-SVM\图像分类-SVM.vcxproj", "{2BD620F1-D23F-44E1-8BCA-CCFC3F8F4CD6}"
EndProject
Global
	GlobalSection(SolutionConfigurationPlatforms) = preSolution
		Debug|x64 = Debug|x64
		Debug|x86 = Debug|x86
		Release|x64 = Release|x64
		Release|x86 = Release|x86
	EndGlobalSection
	GlobalSection(ProjectConfigurationPlatforms) = postSolution
		{D95F93BC-99E4-4A49-A109-296361F37805}.Debug|x64.ActiveCfg = Debug|x64
		{D95F93BC-99E4-4A49-A109-296361F37805}.Debug|x64.Build.0 = Debug|x64
		{D95F93BC-99E4-4A49-A109-296361F37805}.Debug|x86.ActiveCfg = Debug|Win32
		{D95F93BC-99E4-4A49-A109-296361F37805}.Debug|x86.Build.0 = Debug|Win32
		{D95F93BC-99E4-4A49-A109-296361F37805}.Release|x64.ActiveCfg = Release|x64
		{D95F93BC-99E4-4A49-A109-296361F37805}.Release|x64.Build.0 = Release|x64
		{D95F93BC-99E4-4A49-A109-296361F37805}.Release|x86.ActiveCfg = Release|Win32
		{D95F93BC-99E4-4A49-A109-296361F37805}.Release|x86.Build.0 = Release|Win32
		{C8C4D9E6-6258-45CC-A21B-2FD9E214C3A5}.Debug|x64.ActiveCfg = Debug|x64
		{C8C4D9E6-6258-45CC-A21B-2FD9E214C3A5}.Debug|x64.Build.0 = Debug|x64
		{C8C4D9E6-6258-45CC-A21B-2FD9E214C3A5}.Debug|x86.ActiveCfg = Debug|Win32
		{C8C4D9E6-6258-45CC-A21B-2FD9E214C3A5}.Debug|x86.Build.0 = Debug|Win32
		{C8C4D9E6-6258-45CC-A21B-2FD9E214C3A5}.Release|x64.ActiveCfg = Release|x64
		{C8C4D9E6-6258-45CC-A21B-2FD9E214C3A5}.Release|x64.Build.0 = Release|x64
		{C8C4D9E6-6258-45CC-A21B-2FD9E214C3A5}.Release|x86.ActiveCfg = Release|Win32
		{C8C4D9E6-6258-45CC-A21B-2FD9E214C3A5}.Release|x86.Build.0 = Release|Win32
		{7A78C9D7-CCF4-4EFD-8759-C545F2A381B7}.Debug|x64.ActiveCfg = Debug|x64
		{7A78C9D7-CCF4-4EFD-8759-C545F2A381B7}.Debug|x64.Build.0 = Debug|x64
		{7A78C9D7-CCF4-4EFD-8759-C545F2A381B7}.Debug|x86.ActiveCfg = Debug|Win32
		{7A78C9D7-CCF4-4EFD-8759-C545F2A381B7}.Debug|x86.Build.0 = Debug|Win32
		{7A78C9D7-CCF4-4EFD-8759-C545F2A381B7}.Release|x64.ActiveCfg = Release|x64
		{7A78C9D7-CCF4-4EFD-8759-C545F2A381B7}.Release|x64.Build.0 = Release|x64
		{7A78C9D7-CCF4-4EFD-8759-C545F2A381B7}.Release|x86.ActiveCfg = Release|Win32
		{7A78C9D7-CCF4-4EFD-8759-C545F2A381B7}.Release|x86.Build.0 = Release|Win32
		{BF690CBD-8FA3-459F-BBC1-562E5A878255}.Debug|x64.ActiveCfg = Debug|x64
		{BF690CBD-8FA3-459F-BBC1-562E5A878255}.Debug|x64.Build.0 = Debug|x64
		{BF690CBD-8FA3-459F-BBC1-562E5A878255}.Debug|x86.ActiveCfg = Debug|Win32
		{BF690CBD-8FA3-459F-BBC1-562E5A878255}.Debug|x86.Build.0 = Debug|Win32
		{BF690CBD-8FA3-459F-BBC1-562E5A878255}.Release|x64.ActiveCfg = Release|x64
		{BF690CBD-8FA3-459F-BBC1-562E5A878255}.Release|x64.Build.0 = Release|x64
		{BF690CBD-8FA3-459F-BBC1-562E5A878255}.Release|x86.ActiveCfg = Release|Win32
		{BF690CBD-8FA3-459F-BBC1-562E5A878255}.Release|x86.Build.0 = Release|Win32
		{96A504E0-7B75-478B-A300-39E22D80B8E2}.Debug|x64.ActiveCfg = Debug|x64
		{96A504E0-7B75-478B-A300-39E22D80B8E2}.Debug|x64.Build.0 = Debug|x64
		{96A504E0-7B75-478B-A300-39E22D80B8E2}.Debug|x86.ActiveCfg = Debug|Win32
		{96A504E0-7B75-478B-A300-39E22D80B8E2}.Debug|x86.Build.0 = Debug|Win32
		{96A504E0-7B75-478B-A300-39E22D80B8E2}.Release|x64.ActiveCfg = Release|x64
		{96A504E0-7B75-478B-A300-39E22D80B8E2}.Release|x64.Build.0 = Release|x64
		{96A504E0-7B75-478B-A300-39E22D80B8E2}.Release|x86.ActiveCfg = Release|Win32
		{96A504E0-7B75-478B-A300-39E22D80B8E2}.Release|x86.Build.0 = Release|Win32
		{573F0D2A-3623-4F4F-8FE9-277825BF7059}.Debug|x64.ActiveCfg = Debug|x64
		{573F0D2A-3623-4F4F-8FE9-277825BF7059}.Debug|x64.Build.0 = Debug|x64
		{573F0D2A-3623-4F4F-8FE9-277825BF7059}.Debug|x86.ActiveCfg = Debug|Win32
		{573F0D2A-3623-4F4F-8FE9-277825BF7059}.Debug|x86.Build.0 = Debug|Win32
		{573F0D2A-3623-4F4F-8FE9-277825BF7059}.Release|x64.ActiveCfg = Release|x64
		{573F0D2A-3623-4F4F-8FE9-277825BF7059}.Release|x64.Build.0 = Release|x64
		{573F0D2A-3623-4F4F-8FE9-277825BF7059}.Release|x86.ActiveCfg = Release|Win32
		{573F0D2A-3623-4F4F-8FE9-277825BF7059}.Release|x86.Build.0 = Release|Win32
		{B3C70908-C63A-41A1-ADB2-299EEC49015A}.Debug|x64.ActiveCfg = Debug|x64
		{B3C70908-C63A-41A1-ADB2-299EEC49015A}.Debug|x64.Build.0 = Debug|x64
		{B3C70908-C63A-41A1-ADB2-299EEC49015A}.Debug|x86.ActiveCfg = Debug|Win32
		{B3C70908-C63A-41A1-ADB2-299EEC49015A}.Debug|x86.Build.0 = Debug|Win32
		{B3C70908-C63A-41A1-ADB2-299EEC49015A}.Release|x64.ActiveCfg = Release|x64
		{B3C70908-C63A-41A1-ADB2-299EEC49015A}.Release|x64.Build.0 = Release|x64
		{B3C70908-C63A-41A1-ADB2-299EEC49015A}.Release|x86.ActiveCfg = Release|Win32
		{B3C70908-C63A-41A1-ADB2-299EEC49015A}.Release|x86.Build.0 = Release|Win32
		{5E174984-F71A-4A06-9A64-8122DD6A3476}.Debug|x64.ActiveCfg = Debug|x64
		{5E174984-F71A-4A06-9A64-8122DD6A3476}.Debug|x64.Build.0 = Debug|x64
		{5E174984-F71A-4A06-9A64-8122DD6A3476}.Debug|x86.ActiveCfg = Debug|Win32
		{5E174984-F71A-4A06-9A64-8122DD6A3476}.Debug|x86.Build.0 = Debug|Win32
		{5E174984-F71A-4A06-9A64-8122DD6A3476}.Release|x64.ActiveCfg = Release|x64
		{5E174984-F71A-4A06-9A64-8122DD6A3476}.Release|x64.Build.0 = Release|x64
		{5E174984-F71A-4A06-9A64-8122DD6A3476}.Release|x86.ActiveCfg = Release|Win32
		{5E174984-F71A-4A06-9A64-8122DD6A3476}.Release|x86.Build.0 = Release|Win32
		{9C897F1A-DDBE-4160-8242-A18A8C72ECBB}.Debug|x64.ActiveCfg = Debug|x64
		{9C897F1A-DDBE-4160-8242-A18A8C72ECBB}.Debug|x64.Build.0 = Debug|x64
		{9C897F1A-DDBE-4160-8242-A18A8C72ECBB}.Debug|x86.ActiveCfg = Debug|Win32
		{9C897F1A-DDBE-4160-8242-A18A8C72ECBB}.Debug|x86.Build.0 = Debug|Win32
		{9C897F1A-DDBE-4160-8242-A18A8C72ECBB}.Release|x64.ActiveCfg = Release|x64
		{9C897F1A-DDBE-4160-8242-A18A8C72ECBB}.Release|x64.Build.0 = Release|x64
		{9C897F1A-DDBE-4160-8242-A18A8C72ECBB}.Release|x86.ActiveCfg = Release|Win32
		{9C897F1A-DDBE-4160-8242-A18A8C72ECBB}.Release|x86.Build.0 = Release|Win32
		{2BD620F1-D23F-44E1-8BCA-CCFC3F8F4CD6}.Debug|x64.ActiveCfg = Debug|x64
		{2BD620F1-D23F-44E1-8BCA-CCFC3F8F4CD6}.Debug|x64.Build.0 = Debug|x64
		{2BD620F1-D23F-44E1-8BCA-CCFC3F8F4CD6}.Debug|x86.ActiveCfg = Debug|Win32
		{2BD620F1-D23F-44E1-8BCA-CCFC3F8F4CD6}.Debug|x86.Build.0 = Debug|Win32
		{2BD620F1-D23F-44E1-8BCA-CCFC3F8F4CD6}.Release|x64.ActiveCfg = Release|x64
		{2BD620F1-D23F-44E1-8BCA-CCFC3F8F4CD6}.Release|x64.Build.0 = Release|x64
		{2BD620F1-D23F-44E1-8BCA-CCFC3F8F4CD6}.Release|x86.ActiveCfg = Release|Win32
		{2BD620F1-D23F-44E1-8BCA-CCFC3F8F4CD6}.Release|x86.Build.0 = Release|Win32
	EndGlobalSection
	GlobalSection(SolutionProperties) = preSolution
		HideSolutionNode = FALSE
	EndGlobalSection
EndGlobal
